Microsoft Visual Studio Solution File, Format Version 12.00
# Visual Studio Version 17
VisualStudioVersion = 17.5.2.0
MinimumVisualStudioVersion = 10.0.40219.1
Project("{FAE04EC0-301F-11D3-BF4B-00C04F79EFBC}") = "SlackRagBot", "SlackRagBot.csproj", "{D20B79DA-64F0-91EC-43B6-8D570962ABE6}"
EndProject
Global
	GlobalSection(SolutionConfigurationPlatforms) = preSolution
		Debug|Any CPU = Debug|Any CPU
		Release|Any CPU = Release|Any CPU
	EndGlobalSection
	GlobalSection(ProjectConfigurationPlatforms) = postSolution
		{D20B79DA-64F0-91EC-43B6-8D570962ABE6}.Debug|Any CPU.ActiveCfg = Debug|Any CPU
		{D20B79DA-64F0-91EC-43B6-8D570962ABE6}.Debug|Any CPU.Build.0 = Debug|Any CPU
		{D20B79DA-64F0-91EC-43B6-8D570962ABE6}.Release|Any CPU.ActiveCfg = Release|Any CPU
		{D20B79DA-64F0-91EC-43B6-8D570962ABE6}.Release|Any CPU.Build.0 = Release|Any CPU
	EndGlobalSection
	GlobalSection(SolutionProperties) = preSolution
		HideSolutionNode = FALSE
	EndGlobalSection
	GlobalSection(ExtensibilityGlobals) = postSolution
		SolutionGuid = {98DA9C68-99D7-4F16-8BFF-53D0CBB94FB6}
	EndGlobalSection
EndGlobal
