
Microsoft Visual Studio Solution File, Format Version 12.00
# Visual Studio Version 17
VisualStudioVersion = 17.5.2.0
MinimumVisualStudioVersion = 10.0.40219.1
Project("{2150E333-8FDC-42A3-9474-1A3956D46DE8}") = "src", "src", "{827E0CD3-B72D-47B6-A68D-7590B98EB39B}"
EndProject
Project("{FAE04EC0-301F-11D3-BF4B-00C04F79EFBC}") = "SlackRag.Api", "src\SlackRag.Api\SlackRag.Api.csproj", "{55915CF8-A9B2-4E24-B7CA-D26596F754A0}"
EndProject
Project("{FAE04EC0-301F-11D3-BF4B-00C04F79EFBC}") = "SlackRag.Application", "src\SlackRag.Application\SlackRag.Application.csproj", "{6B300525-4D2F-453C-A7D4-1472B35E6D79}"
EndProject
Project("{FAE04EC0-301F-11D3-BF4B-00C04F79EFBC}") = "SlackRag.Domain", "src\SlackRag.Domain\SlackRag.Domain.csproj", "{DF95CA12-25D9-4880-963E-4A10F4F7767D}"
EndProject
Project("{FAE04EC0-301F-11D3-BF4B-00C04F79EFBC}") = "SlackRag.Infrastructure", "src\SlackRag.Infrastructure\SlackRag.Infrastructure.csproj", "{D4843BF7-06FB-4694-A900-DC81DDB6A4EA}"
EndProject
Project("{2150E333-8FDC-42A3-9474-1A3956D46DE8}") = "tests", "tests", "{0AB3BF05-4346-4AA6-1389-037BE0695223}"
EndProject
Project("{FAE04EC0-301F-11D3-BF4B-00C04F79EFBC}") = "SlackRag.Application.Tests", "tests\SlackRag.Application.Tests\SlackRag.Application.Tests.csproj", "{B0D002FD-7919-4A8F-B068-D1946E7AC848}"
EndProject
Global
	GlobalSection(SolutionConfigurationPlatforms) = preSolution
		Debug|Any CPU = Debug|Any CPU
		Debug|x64 = Debug|x64
		Debug|x86 = Debug|x86
		Release|Any CPU = Release|Any CPU
		Release|x64 = Release|x64
		Release|x86 = Release|x86
	EndGlobalSection
	GlobalSection(ProjectConfigurationPlatforms) = postSolution
		{55915CF8-A9B2-4E24-B7CA-D26596F754A0}.Debug|Any CPU.ActiveCfg = Debug|Any CPU
		{55915CF8-A9B2-4E24-B7CA-D26596F754A0}.Debug|Any CPU.Build.0 = Debug|Any CPU
		{55915CF8-A9B2-4E24-B7CA-D26596F754A0}.Debug|x64.ActiveCfg = Debug|Any CPU
		{55915CF8-A9B2-4E24-B7CA-D26596F754A0}.Debug|x64.Build.0 = Debug|Any CPU
		{55915CF8-A9B2-4E24-B7CA-D26596F754A0}.Debug|x86.ActiveCfg = Debug|Any CPU
		{55915CF8-A9B2-4E24-B7CA-D26596F754A0}.Debug|x86.Build.0 = Debug|Any CPU
		{55915CF8-A9B2-4E24-B7CA-D26596F754A0}.Release|Any CPU.ActiveCfg = Release|Any CPU
		{55915CF8-A9B2-4E24-B7CA-D26596F754A0}.Release|Any CPU.Build.0 = Release|Any CPU
		{55915CF8-A9B2-4E24-B7CA-D26596F754A0}.Release|x64.ActiveCfg = Release|Any CPU
		{55915CF8-A9B2-4E24-B7CA-D26596F754A0}.Release|x64.Build.0 = Release|Any CPU
		{55915CF8-A9B2-4E24-B7CA-D26596F754A0}.Release|x86.ActiveCfg = Release|Any CPU
		{55915CF8-A9B2-4E24-B7CA-D26596F754A0}.Release|x86.Build.0 = Release|Any CPU
		{6B300525-4D2F-453C-A7D4-1472B35E6D79}.Debug|Any CPU.ActiveCfg = Debug|Any CPU
		{6B300525-4D2F-453C-A7D4-1472B35E6D79}.Debug|Any CPU.Build.0 = Debug|Any CPU
		{6B300525-4D2F-453C-A7D4-1472B35E6D79}.Debug|x64.ActiveCfg = Debug|Any CPU
		{6B300525-4D2F-453C-A7D4-1472B35E6D79}.Debug|x64.Build.0 = Debug|Any CPU
		{6B300525-4D2F-453C-A7D4-1472B35E6D79}.Debug|x86.ActiveCfg = Debug|Any CPU
		{6B300525-4D2F-453C-A7D4-1472B35E6D79}.Debug|x86.Build.0 = Debug|Any CPU
		{6B300525-4D2F-453C-A7D4-1472B35E6D79}.Release|Any CPU.ActiveCfg = Release|Any CPU
		{6B300525-4D2F-453C-A7D4-1472B35E6D79}.Release|Any CPU.Build.0 = Release|Any CPU
		{6B300525-4D2F-453C-A7D4-1472B35E6D79}.Release|x64.ActiveCfg = Release|Any CPU
		{6B300525-4D2F-453C-A7D4-1472B35E6D79}.Release|x64.Build.0 = Release|Any CPU
		{6B300525-4D2F-453C-A7D4-1472B35E6D79}.Release|x86.ActiveCfg = Release|Any CPU
		{6B300525-4D2F-453C-A7D4-1472B35E6D79}.Release|x86.Build.0 = Release|Any CPU
		{DF95CA12-25D9-4880-963E-4A10F4F7767D}.Debug|Any CPU.ActiveCfg = Debug|Any CPU
		{DF95CA12-25D9-4880-963E-4A10F4F7767D}.Debug|Any CPU.Build.0 = Debug|Any CPU
		{DF95CA12-25D9-4880-963E-4A10F4F7767D}.Debug|x64.ActiveCfg = Debug|Any CPU
		{DF95CA12-25D9-4880-963E-4A10F4F7767D}.Debug|x64.Build.0 = Debug|Any CPU
		{DF95CA12-25D9-4880-963E-4A10F4F7767D}.Debug|x86.ActiveCfg = Debug|Any CPU
		{DF95CA12-25D9-4880-963E-4A10F4F7767D}.Debug|x86.Build.0 = Debug|Any CPU
		{DF95CA12-25D9-4880-963E-4A10F4F7767D}.Release|Any CPU.ActiveCfg = Release|Any CPU
		{DF95CA12-25D9-4880-963E-4A10F4F7767D}.Release|Any CPU.Build.0 = Release|Any CPU
		{DF95CA12-25D9-4880-963E-4A10F4F7767D}.Release|x64.ActiveCfg = Release|Any CPU
		{DF95CA12-25D9-4880-963E-4A10F4F7767D}.Release|x64.Build.0 = Release|Any CPU
		{DF95CA12-25D9-4880-963E-4A10F4F7767D}.Release|x86.ActiveCfg = Release|Any CPU
		{DF95CA12-25D9-4880-963E-4A10F4F7767D}.Release|x86.Build.0 = Release|Any CPU
		{D4843BF7-06FB-4694-A900-DC81DDB6A4EA}.Debug|Any CPU.ActiveCfg = Debug|Any CPU
		{D4843BF7-06FB-4694-A900-DC81DDB6A4EA}.Debug|Any CPU.Build.0 = Debug|Any CPU
		{D4843BF7-06FB-4694-A900-DC81DDB6A4EA}.Debug|x64.ActiveCfg = Debug|Any CPU
		{D4843BF7-06FB-4694-A900-DC81DDB6A4EA}.Debug|x64.Build.0 = Debug|Any CPU
		{D4843BF7-06FB-4694-A900-DC81DDB6A4EA}.Debug|x86.ActiveCfg = Debug|Any CPU
		{D4843BF7-06FB-4694-A900-DC81DDB6A4EA}.Debug|x86.Build.0 = Debug|Any CPU
		{D4843BF7-06FB-4694-A900-DC81DDB6A4EA}.Release|Any CPU.ActiveCfg = Release|Any CPU
		{D4843BF7-06FB-4694-A900-DC81DDB6A4EA}.Release|Any CPU.Build.0 = Release|Any CPU
		{D4843BF7-06FB-4694-A900-DC81DDB6A4EA}.Release|x64.ActiveCfg = Release|Any CPU
		{D4843BF7-06FB-4694-A900-DC81DDB6A4EA}.Release|x64.Build.0 = Release|Any CPU
		{D4843BF7-06FB-4694-A900-DC81DDB6A4EA}.Release|x86.ActiveCfg = Release|Any CPU
		{D4843BF7-06FB-4694-A900-DC81DDB6A4EA}.Release|x86.Build.0 = Release|Any CPU
		{B0D002FD-7919-4A8F-B068-D1946E7AC848}.Debug|Any CPU.ActiveCfg = Debug|Any CPU
		{B0D002FD-7919-4A8F-B068-D1946E7AC848}.Debug|Any CPU.Build.0 = Debug|Any CPU
		{B0D002FD-7919-4A8F-B068-D1946E7AC848}.Debug|x64.ActiveCfg = Debug|Any CPU
		{B0D002FD-7919-4A8F-B068-D1946E7AC848}.Debug|x64.Build.0 = Debug|Any CPU
		{B0D002FD-7919-4A8F-B068-D1946E7AC848}.Debug|x86.ActiveCfg = Debug|Any CPU
		{B0D002FD-7919-4A8F-B068-D1946E7AC848}.Debug|x86.Build.0 = Debug|Any CPU
		{B0D002FD-7919-4A8F-B068-D1946E7AC848}.Release|Any CPU.ActiveCfg = Release|Any CPU
		{B0D002FD-7919-4A8F-B068-D1946E7AC848}.Release|Any CPU.Build.0 = Release|Any CPU
		{B0D002FD-7919-4A8F-B068-D1946E7AC848}.Release|x64.ActiveCfg = Release|Any CPU
		{B0D002FD-7919-4A8F-B068-D1946E7AC848}.Release|x64.Build.0 = Release|Any CPU
		{B0D002FD-7919-4A8F-B068-D1946E7AC848}.Release|x86.ActiveCfg = Release|Any CPU
		{B0D002FD-7919-4A8F-B068-D1946E7AC848}.Release|x86.Build.0 = Release|Any CPU
	EndGlobalSection
	GlobalSection(SolutionProperties) = preSolution
		HideSolutionNode = FALSE
	EndGlobalSection
	GlobalSection(NestedProjects) = preSolution
		{55915CF8-A9B2-4E24-B7CA-D26596F754A0} = {827E0CD3-B72D-47B6-A68D-7590B98EB39B}
		{6B300525-4D2F-453C-A7D4-1472B35E6D79} = {827E0CD3-B72D-47B6-A68D-7590B98EB39B}
		{DF95CA12-25D9-4880-963E-4A10F4F7767D} = {827E0CD3-B72D-47B6-A68D-7590B98EB39B}
		{D4843BF7-06FB-4694-A900-DC81DDB6A4EA} = {827E0CD3-B72D-47B6-A68D-7590B98EB39B}
		{B0D002FD-7919-4A8F-B068-D1946E7AC848} = {0AB3BF05-4346-4AA6-1389-037BE0695223}
	EndGlobalSection
	GlobalSection(ExtensibilityGlobals) = postSolution
		SolutionGuid = {98DA9C68-99D7-4F16-8BFF-53D0CBB94FB6}
	EndGlobalSection
EndGlobal
